{
  "name": "static",
  "version": "1.0.0",
  "lockfileVersion": 1,
  "requires": true,
  "dependencies": {
    "gojs": {
      "version": "2.1.14",
      "resolved": "https://registry.npmjs.org/gojs/-/gojs-2.1.14.tgz",
      "integrity": "sha512-J4tmcpgBjxUzUWdh4JFbdb3MAZOw8Yc6MxhoAH7QE5PKKAdAqGItqCbWF7P2k/A75Obi3e8GeaFm8F+YGDQGTQ=="
    },
    "jsplumb": {
      "version": "2.13.1",
      "resolved": "https://registry.npmjs.org/jsplumb/-/jsplumb-2.13.1.tgz",
      "integrity": "sha512-w2Dztpv8jWDwPPDRICz1w79Vq0p9Ih2BnqwHcfmVoURaggaXchVAMDGY/2vX4N/W19zKrNDsvO+QB2QDk5D+Ow=="
    }
  }
}
